
Microsoft Visual Studio Solution File, Format Version 12.00
# Visual Studio Version 17
VisualStudioVersion = 17.0.31903.59
MinimumVisualStudioVersion = 10.0.40219.1
Project("{9A19103F-16F7-4668-BE54-9A1E7A4F7556}") = "REST CRUD API", "REST CRUD API\REST CRUD API.csproj", "{B8741FC9-0CB8-42CB-A3DE-C51900319648}"
EndProject
Project("{9A19103F-16F7-4668-BE54-9A1E7A4F7556}") = "Repository", "Repository\Repository.csproj", "{3C7BE542-5A07-4645-A922-7A8BA1F76A7D}"
EndProject
Project("{FAE04EC0-301F-11D3-BF4B-00C04F79EFBC}") = "Services", "UsersService\Services.csproj", "{828F8901-C292-434D-B394-D6D1B30B8E74}"
EndProject
Global
	GlobalSection(SolutionConfigurationPlatforms) = preSolution
		Debug|Any CPU = Debug|Any CPU
		Release|Any CPU = Release|Any CPU
	EndGlobalSection
	GlobalSection(ProjectConfigurationPlatforms) = postSolution
		{B8741FC9-0CB8-42CB-A3DE-C51900319648}.Debug|Any CPU.ActiveCfg = Debug|Any CPU
		{B8741FC9-0CB8-42CB-A3DE-C51900319648}.Debug|Any CPU.Build.0 = Debug|Any CPU
		{B8741FC9-0CB8-42CB-A3DE-C51900319648}.Release|Any CPU.ActiveCfg = Release|Any CPU
		{B8741FC9-0CB8-42CB-A3DE-C51900319648}.Release|Any CPU.Build.0 = Release|Any CPU
		{3C7BE542-5A07-4645-A922-7A8BA1F76A7D}.Debug|Any CPU.ActiveCfg = Debug|Any CPU
		{3C7BE542-5A07-4645-A922-7A8BA1F76A7D}.Debug|Any CPU.Build.0 = Debug|Any CPU
		{3C7BE542-5A07-4645-A922-7A8BA1F76A7D}.Release|Any CPU.ActiveCfg = Release|Any CPU
		{3C7BE542-5A07-4645-A922-7A8BA1F76A7D}.Release|Any CPU.Build.0 = Release|Any CPU
		{828F8901-C292-434D-B394-D6D1B30B8E74}.Debug|Any CPU.ActiveCfg = Debug|Any CPU
		{828F8901-C292-434D-B394-D6D1B30B8E74}.Debug|Any CPU.Build.0 = Debug|Any CPU
		{828F8901-C292-434D-B394-D6D1B30B8E74}.Release|Any CPU.ActiveCfg = Release|Any CPU
		{828F8901-C292-434D-B394-D6D1B30B8E74}.Release|Any CPU.Build.0 = Release|Any CPU
	EndGlobalSection
	GlobalSection(SolutionProperties) = preSolution
		HideSolutionNode = FALSE
	EndGlobalSection
	GlobalSection(ExtensibilityGlobals) = postSolution
		SolutionGuid = {9E9F92BD-F844-4C39-A101-AD5A8239464D}
	EndGlobalSection
EndGlobal
